<?xml version="1.0" encoding="utf-8"?>
<Project ToolsVersion="4.0" xmlns="http://schemas.microsoft.com/developer/msbuild/2003">
  <ItemGroup>
    <Filter Include="源文件">
      <UniqueIdentifier>{4FC737F1-C7A5-4376-A066-2A32D752A2FF}</UniqueIdentifier>
      <Extensions>cpp;c;cc;cxx;c++;cppm;ixx;def;odl;idl;hpj;bat;asm;asmx</Extensions>
    </Filter>
    <Filter Include="头文件">
      <UniqueIdentifier>{93995380-89BD-4b04-88EB-625FBE52EBFB}</UniqueIdentifier>
      <Extensions>h;hh;hpp;hxx;h++;hm;inl;inc;ipp;xsd</Extensions>
    </Filter>
    <Filter Include="资源文件">
      <UniqueIdentifier>{67DA6AB6-F800-4c08-8B7A-83BB121AAD01}</UniqueIdentifier>
      <Extensions>rc;ico;cur;bmp;dlg;rc2;rct;bin;rgs;gif;jpg;jpeg;jpe;resx;tiff;tif;png;wav;mfcribbon-ms</Extensions>
    </Filter>
    <Filter Include="w32oop">
      <UniqueIdentifier>{0e7da69a-9e7f-41a4-b960-f16f1dadc3b0}</UniqueIdentifier>
    </Filter>
  </ItemGroup>
  <ItemGroup>
    <ClCompile Include="ti-demo.cpp">
      <Filter>源文件</Filter>
    </ClCompile>
    <ClCompile Include="..\..\..\w32oop\GUI\FoundationLib.cpp">
      <Filter>w32oop</Filter>
    </ClCompile>
    <ClCompile Include="..\..\..\w32oop\GUI\Menu.cpp">
      <Filter>w32oop</Filter>
    </ClCompile>
    <ClCompile Include="..\..\..\w32oop\GUI\TrayIcon.cpp">
      <Filter>w32oop</Filter>
    </ClCompile>
    <ClCompile Include="..\..\..\w32oop\GUI\Window.cpp">
      <Filter>w32oop</Filter>
    </ClCompile>
    <ClCompile Include="..\..\..\w32oop\System\Hooks.cpp">
      <Filter>w32oop</Filter>
    </ClCompile>
    <ClCompile Include="..\..\..\w32oop\System\Registry.cpp">
      <Filter>w32oop</Filter>
    </ClCompile>
    <ClCompile Include="..\..\..\w32oop\System\Service.cpp">
      <Filter>w32oop</Filter>
    </ClCompile>
    <ClCompile Include="util.cpp">
      <Filter>源文件</Filter>
    </ClCompile>
  </ItemGroup>
  <ItemGroup>
    <ClInclude Include="..\..\..\w32oop\Core\publicdef.hpp">
      <Filter>w32oop</Filter>
    </ClInclude>
    <ClInclude Include="..\..\..\w32oop\Core\version.hpp">
      <Filter>w32oop</Filter>
    </ClInclude>
    <ClInclude Include="..\..\..\w32oop\Core\w32def.hpp">
      <Filter>w32oop</Filter>
    </ClInclude>
    <ClInclude Include="..\..\..\w32oop\Core\w32handle.hpp">
      <Filter>w32oop</Filter>
    </ClInclude>
    <ClInclude Include="..\..\..\w32oop\GUI\def.hpp">
      <Filter>w32oop</Filter>
    </ClInclude>
    <ClInclude Include="..\..\..\w32oop\GUI\FoundationLib.hpp">
      <Filter>w32oop</Filter>
    </ClInclude>
    <ClInclude Include="..\..\..\w32oop\GUI\InternalMessageBox.hpp">
      <Filter>w32oop</Filter>
    </ClInclude>
    <ClInclude Include="..\..\..\w32oop\GUI\Menu.hpp">
      <Filter>w32oop</Filter>
    </ClInclude>
    <ClInclude Include="..\..\..\w32oop\GUI\TrayIcon.hpp">
      <Filter>w32oop</Filter>
    </ClInclude>
    <ClInclude Include="..\..\..\w32oop\GUI\Window.hpp">
      <Filter>w32oop</Filter>
    </ClInclude>
    <ClInclude Include="..\..\..\w32oop\System\def.hpp">
      <Filter>w32oop</Filter>
    </ClInclude>
    <ClInclude Include="..\..\..\w32oop\System\Hooks.hpp">
      <Filter>w32oop</Filter>
    </ClInclude>
    <ClInclude Include="..\..\..\w32oop\System\Registry.hpp">
      <Filter>w32oop</Filter>
    </ClInclude>
    <ClInclude Include="..\..\..\w32oop\System\Service.hpp">
      <Filter>w32oop</Filter>
    </ClInclude>
  </ItemGroup>
</Project>